
Microsoft Visual Studio Solution File, Format Version 12.00
# Visual Studio 2012
Project("{FAE04EC0-301F-11D3-BF4B-00C04F79EFBC}") = "HTML Tables Homework", "HTML Tables Homework\HTML Tables Homework.csproj", "{7AAAB49A-6727-4EF2-B212-DF533C74E691}"
EndProject
Global
	GlobalSection(SolutionConfigurationPlatforms) = preSolution
		Debug|Any CPU = Debug|Any CPU
		Release|Any CPU = Release|Any CPU
	EndGlobalSection
	GlobalSection(ProjectConfigurationPlatforms) = postSolution
		{7AAAB49A-6727-4EF2-B212-DF533C74E691}.Debug|Any CPU.ActiveCfg = Debug|Any CPU
		{7AAAB49A-6727-4EF2-B212-DF533C74E691}.Debug|Any CPU.Build.0 = Debug|Any CPU
		{7AAAB49A-6727-4EF2-B212-DF533C74E691}.Release|Any CPU.ActiveCfg = Release|Any CPU
		{7AAAB49A-6727-4EF2-B212-DF533C74E691}.Release|Any CPU.Build.0 = Release|Any CPU
	EndGlobalSection
	GlobalSection(SolutionProperties) = preSolution
		HideSolutionNode = FALSE
	EndGlobalSection
EndGlobal
